
Microsoft Visual Studio Solution File, Format Version 12.00
# Visual Studio Version 17
VisualStudioVersion = 17.11.35327.3
MinimumVisualStudioVersion = 10.0.40219.1
Project("{FAE04EC0-301F-11D3-BF4B-00C04F79EFBC}") = "HardstopNet", "HardstopNet.csproj", "{62477902-B4FE-4616-836D-F51CB1CAA3E9}"
EndProject
Global
	GlobalSection(SolutionConfigurationPlatforms) = preSolution
		Debug|Any CPU = Debug|Any CPU
		Release|Any CPU = Release|Any CPU
	EndGlobalSection
	GlobalSection(ProjectConfigurationPlatforms) = postSolution
		{62477902-B4FE-4616-836D-F51CB1CAA3E9}.Debug|Any CPU.ActiveCfg = Debug|Any CPU
		{62477902-B4FE-4616-836D-F51CB1CAA3E9}.Debug|Any CPU.Build.0 = Debug|Any CPU
		{62477902-B4FE-4616-836D-F51CB1CAA3E9}.Release|Any CPU.ActiveCfg = Release|Any CPU
		{62477902-B4FE-4616-836D-F51CB1CAA3E9}.Release|Any CPU.Build.0 = Release|Any CPU
	EndGlobalSection
	GlobalSection(SolutionProperties) = preSolution
		HideSolutionNode = FALSE
	EndGlobalSection
	GlobalSection(ExtensibilityGlobals) = postSolution
		SolutionGuid = {01062988-7992-46F3-BB96-BFE42612AD5E}
	EndGlobalSection
EndGlobal
